
Microsoft Visual Studio Solution File, Format Version 12.00
# Visual Studio Version 16
VisualStudioVersion = 16.0.31005.135
MinimumVisualStudioVersion = 10.0.40219.1
Project("{9A19103F-16F7-4668-BE54-9A1E7A4F7556}") = "Entities", "Entities\Entities.csproj", "{3C123FF4-1AFC-4B50-9FE1-8AC0D013F265}"
EndProject
Project("{9A19103F-16F7-4668-BE54-9A1E7A4F7556}") = "DataAccess", "DataAccess\DataAccess.csproj", "{8128623A-A823-4A91-B54C-FEFF7ECA8898}"
EndProject
Project("{9A19103F-16F7-4668-BE54-9A1E7A4F7556}") = "Core", "Core\Core.csproj", "{5E3B794E-AB18-4129-95A6-691FD0F09C92}"
EndProject
Project("{9A19103F-16F7-4668-BE54-9A1E7A4F7556}") = "ProjectWebApi", "ProjectWebApi\ProjectWebApi.csproj", "{7B00F65A-1A3E-476C-9C6C-01281B2C81BC}"
EndProject
Project("{FAE04EC0-301F-11D3-BF4B-00C04F79EFBC}") = "Business", "Business\Business.csproj", "{A7DA833F-C4DE-4BFC-919E-A9389462709E}"
EndProject
Global
	GlobalSection(SolutionConfigurationPlatforms) = preSolution
		Debug|Any CPU = Debug|Any CPU
		Release|Any CPU = Release|Any CPU
	EndGlobalSection
	GlobalSection(ProjectConfigurationPlatforms) = postSolution
		{3C123FF4-1AFC-4B50-9FE1-8AC0D013F265}.Debug|Any CPU.ActiveCfg = Debug|Any CPU
		{3C123FF4-1AFC-4B50-9FE1-8AC0D013F265}.Debug|Any CPU.Build.0 = Debug|Any CPU
		{3C123FF4-1AFC-4B50-9FE1-8AC0D013F265}.Release|Any CPU.ActiveCfg = Release|Any CPU
		{3C123FF4-1AFC-4B50-9FE1-8AC0D013F265}.Release|Any CPU.Build.0 = Release|Any CPU
		{8128623A-A823-4A91-B54C-FEFF7ECA8898}.Debug|Any CPU.ActiveCfg = Debug|Any CPU
		{8128623A-A823-4A91-B54C-FEFF7ECA8898}.Debug|Any CPU.Build.0 = Debug|Any CPU
		{8128623A-A823-4A91-B54C-FEFF7ECA8898}.Release|Any CPU.ActiveCfg = Release|Any CPU
		{8128623A-A823-4A91-B54C-FEFF7ECA8898}.Release|Any CPU.Build.0 = Release|Any CPU
		{5E3B794E-AB18-4129-95A6-691FD0F09C92}.Debug|Any CPU.ActiveCfg = Debug|Any CPU
		{5E3B794E-AB18-4129-95A6-691FD0F09C92}.Debug|Any CPU.Build.0 = Debug|Any CPU
		{5E3B794E-AB18-4129-95A6-691FD0F09C92}.Release|Any CPU.ActiveCfg = Release|Any CPU
		{5E3B794E-AB18-4129-95A6-691FD0F09C92}.Release|Any CPU.Build.0 = Release|Any CPU
		{7B00F65A-1A3E-476C-9C6C-01281B2C81BC}.Debug|Any CPU.ActiveCfg = Debug|Any CPU
		{7B00F65A-1A3E-476C-9C6C-01281B2C81BC}.Debug|Any CPU.Build.0 = Debug|Any CPU
		{7B00F65A-1A3E-476C-9C6C-01281B2C81BC}.Release|Any CPU.ActiveCfg = Release|Any CPU
		{7B00F65A-1A3E-476C-9C6C-01281B2C81BC}.Release|Any CPU.Build.0 = Release|Any CPU
		{A7DA833F-C4DE-4BFC-919E-A9389462709E}.Debug|Any CPU.ActiveCfg = Debug|Any CPU
		{A7DA833F-C4DE-4BFC-919E-A9389462709E}.Debug|Any CPU.Build.0 = Debug|Any CPU
		{A7DA833F-C4DE-4BFC-919E-A9389462709E}.Release|Any CPU.ActiveCfg = Release|Any CPU
		{A7DA833F-C4DE-4BFC-919E-A9389462709E}.Release|Any CPU.Build.0 = Release|Any CPU
	EndGlobalSection
	GlobalSection(SolutionProperties) = preSolution
		HideSolutionNode = FALSE
	EndGlobalSection
	GlobalSection(ExtensibilityGlobals) = postSolution
		SolutionGuid = {0F8A6AA6-7E7B-4300-9C97-5DA8C121403C}
	EndGlobalSection
EndGlobal
